
Microsoft Visual Studio Solution File, Format Version 12.00
# Visual Studio Version 16
VisualStudioVersion = 16.0.29123.88
MinimumVisualStudioVersion = 10.0.40219.1
Project("{FAE04EC0-301F-11D3-BF4B-00C04F79EFBC}") = "FIT5032_week4_studio", "FIT5032_week4_studio\FIT5032_week4_studio.csproj", "{A01CECAC-9BC8-4212-BA35-20FC951DC430}"
EndProject
Global
	GlobalSection(SolutionConfigurationPlatforms) = preSolution
		Debug|Any CPU = Debug|Any CPU
		Release|Any CPU = Release|Any CPU
	EndGlobalSection
	GlobalSection(ProjectConfigurationPlatforms) = postSolution
		{A01CECAC-9BC8-4212-BA35-20FC951DC430}.Debug|Any CPU.ActiveCfg = Debug|Any CPU
		{A01CECAC-9BC8-4212-BA35-20FC951DC430}.Debug|Any CPU.Build.0 = Debug|Any CPU
		{A01CECAC-9BC8-4212-BA35-20FC951DC430}.Release|Any CPU.ActiveCfg = Release|Any CPU
		{A01CECAC-9BC8-4212-BA35-20FC951DC430}.Release|Any CPU.Build.0 = Release|Any CPU
	EndGlobalSection
	GlobalSection(SolutionProperties) = preSolution
		HideSolutionNode = FALSE
	EndGlobalSection
	GlobalSection(ExtensibilityGlobals) = postSolution
		SolutionGuid = {A3719972-37EB-4A43-9083-4028E560FE61}
	EndGlobalSection
EndGlobal
